
Microsoft Visual Studio Solution File, Format Version 12.00
# Visual Studio Version 17
VisualStudioVersion = 17.4.33110.190
MinimumVisualStudioVersion = 10.0.40219.1
Project("{FAE04EC0-301F-11D3-BF4B-00C04F79EFBC}") = "GeoJSON", "GeoJSON.csproj", "{7CB0E5E4-E3E5-4662-81FC-DD8281C1557A}"
EndProject
Global
	GlobalSection(SolutionConfigurationPlatforms) = preSolution
		Debug|Any CPU = Debug|Any CPU
		Release|Any CPU = Release|Any CPU
	EndGlobalSection
	GlobalSection(ProjectConfigurationPlatforms) = postSolution
		{7CB0E5E4-E3E5-4662-81FC-DD8281C1557A}.Debug|Any CPU.ActiveCfg = Debug|Any CPU
		{7CB0E5E4-E3E5-4662-81FC-DD8281C1557A}.Debug|Any CPU.Build.0 = Debug|Any CPU
		{7CB0E5E4-E3E5-4662-81FC-DD8281C1557A}.Release|Any CPU.ActiveCfg = Release|Any CPU
		{7CB0E5E4-E3E5-4662-81FC-DD8281C1557A}.Release|Any CPU.Build.0 = Release|Any CPU
	EndGlobalSection
	GlobalSection(SolutionProperties) = preSolution
		HideSolutionNode = FALSE
	EndGlobalSection
	GlobalSection(ExtensibilityGlobals) = postSolution
		SolutionGuid = {6A665A64-6120-4263-BAC6-908306FB954B}
	EndGlobalSection
EndGlobal
